// !$*UTF8*$!
{
	archiveVersion = 1;
	classes = {
	};
	objectVersion = 46;
	objects = {

/* Begin PBXBuildFile section */
		6FD6339C1D337A9000D00F45 /* AppDelegate.swift in Sources */ = {isa = PBXBuildFile; fileRef = 6FD6339B1D337A9000D00F45 /* AppDelegate.swift */; };
		6FD633A11D337A9000D00F45 /* Main.storyboard in Resources */ = {isa = PBXBuildFile; fileRef = 6FD6339F1D337A9000D00F45 /* Main.storyboard */; };
		6FD633A61D337A9000D00F45 /* LaunchScreen.storyboard in Resources */ = {isa = PBXBuildFile; fileRef = 6FD633A41D337A9000D00F45 /* LaunchScreen.storyboard */; };
		6FD633B71D33872F00D00F45 /* STCHomeScreen.swift in Sources */ = {isa = PBXBuildFile; fileRef = 6FD633B61D33872F00D00F45 /* STCHomeScreen.swift */; };
		6FD633BA1D33885F00D00F45 /* STCBaseScreen.swift in Sources */ = {isa = PBXBuildFile; fileRef = 6FD633B91D33885F00D00F45 /* STCBaseScreen.swift */; };
		6FD633BC1D33915E00D00F45 /* Assets.xcassets in Resources */ = {isa = PBXBuildFile; fileRef = 6FD633BB1D33915E00D00F45 /* Assets.xcassets */; };
		6FD633C01D33A58400D00F45 /* STCBaseView.swift in Sources */ = {isa = PBXBuildFile; fileRef = 6FD633BF1D33A58400D00F45 /* STCBaseView.swift */; };
		6FD633C21D33A5A900D00F45 /* STCAddTextView.swift in Sources */ = {isa = PBXBuildFile; fileRef = 6FD633C11D33A5A900D00F45 /* STCAddTextView.swift */; };
		6FD633C51D33A9E000D00F45 /* Extensions.swift in Sources */ = {isa = PBXBuildFile; fileRef = 6FD633C41D33A9E000D00F45 /* Extensions.swift */; };
/* End PBXBuildFile section */

/* Begin PBXFileReference section */
		6FD633981D337A9000D00F45 /* ShootingClothes.app */ = {isa = PBXFileReference; explicitFileType = wrapper.application; includeInIndex = 0; path = ShootingClothes.app; sourceTree = BUILT_PRODUCTS_DIR; };
		6FD6339B1D337A9000D00F45 /* AppDelegate.swift */ = {isa = PBXFileReference; lastKnownFileType = sourcecode.swift; path = AppDelegate.swift; sourceTree = "<group>"; };
		6FD633A01D337A9000D00F45 /* Base */ = {isa = PBXFileReference; lastKnownFileType = file.storyboard; name = Base; path = Base.lproj/Main.storyboard; sourceTree = "<group>"; };
		6FD633A51D337A9000D00F45 /* Base */ = {isa = PBXFileReference; lastKnownFileType = file.storyboard; name = Base; path = Base.lproj/LaunchScreen.storyboard; sourceTree = "<group>"; };
		6FD633A71D337A9000D00F45 /* Info.plist */ = {isa = PBXFileReference; lastKnownFileType = text.plist.xml; path = Info.plist; sourceTree = "<group>"; };
		6FD633B61D33872F00D00F45 /* STCHomeScreen.swift */ = {isa = PBXFileReference; fileEncoding = 4; lastKnownFileType = sourcecode.swift; name = STCHomeScreen.swift; path = ShootingClothes/Main/Controllers/STCHomeScreen.swift; sourceTree = SOURCE_ROOT; };
		6FD633B91D33885F00D00F45 /* STCBaseScreen.swift */ = {isa = PBXFileReference; fileEncoding = 4; lastKnownFileType = sourcecode.swift; name = STCBaseScreen.swift; path = ShootingClothes/Main/Controllers/STCBaseScreen.swift; sourceTree = SOURCE_ROOT; };
		6FD633BB1D33915E00D00F45 /* Assets.xcassets */ = {isa = PBXFileReference; lastKnownFileType = folder.assetcatalog; path = Assets.xcassets; sourceTree = "<group>"; };
		6FD633BF1D33A58400D00F45 /* STCBaseView.swift */ = {isa = PBXFileReference; fileEncoding = 4; lastKnownFileType = sourcecode.swift; path = STCBaseView.swift; sourceTree = "<group>"; };
		6FD633C11D33A5A900D00F45 /* STCAddTextView.swift */ = {isa = PBXFileReference; fileEncoding = 4; lastKnownFileType = sourcecode.swift; path = STCAddTextView.swift; sourceTree = "<group>"; };
		6FD633C41D33A9E000D00F45 /* Extensions.swift */ = {isa = PBXFileReference; fileEncoding = 4; lastKnownFileType = sourcecode.swift; path = Extensions.swift; sourceTree = "<group>"; };
/* End PBXFileReference section */

/* Begin PBXFrameworksBuildPhase section */
		6FD633951D337A9000D00F45 /* Frameworks */ = {
			isa = PBXFrameworksBuildPhase;
			buildActionMask = 2147483647;
			files = (
			);
			runOnlyForDeploymentPostprocessing = 0;
		};
/* End PBXFrameworksBuildPhase section */

/* Begin PBXGroup section */
		6FD6338F1D337A9000D00F45 = {
			isa = PBXGroup;
			children = (
				6FD6339A1D337A9000D00F45 /* ShootingClothes */,
				6FD633991D337A9000D00F45 /* Products */,
			);
			sourceTree = "<group>";
		};
		6FD633991D337A9000D00F45 /* Products */ = {
			isa = PBXGroup;
			children = (
				6FD633981D337A9000D00F45 /* ShootingClothes.app */,
			);
			name = Products;
			sourceTree = "<group>";
		};
		6FD6339A1D337A9000D00F45 /* ShootingClothes */ = {
			isa = PBXGroup;
			children = (
				6FD633B21D33855000D00F45 /* Main */,
				6FD633AD1D3383E500D00F45 /* Resources */,
				6FD6339B1D337A9000D00F45 /* AppDelegate.swift */,
				6FD633A41D337A9000D00F45 /* LaunchScreen.storyboard */,
				6FD633BB1D33915E00D00F45 /* Assets.xcassets */,
				6FD633A71D337A9000D00F45 /* Info.plist */,
			);
			path = ShootingClothes;
			sourceTree = "<group>";
		};
		6FD633AD1D3383E500D00F45 /* Resources */ = {
			isa = PBXGroup;
			children = (
				6FD633AE1D33840600D00F45 /* Images */,
				6FD633B01D33840600D00F45 /* Xibs */,
			);
			path = Resources;
			sourceTree = "<group>";
		};
		6FD633AE1D33840600D00F45 /* Images */ = {
			isa = PBXGroup;
			children = (
			);
			path = Images;
			sourceTree = "<group>";
		};
		6FD633B01D33840600D00F45 /* Xibs */ = {
			isa = PBXGroup;
			children = (
				6FD6339F1D337A9000D00F45 /* Main.storyboard */,
			);
			path = Xibs;
			sourceTree = "<group>";
		};
		6FD633B21D33855000D00F45 /* Main */ = {
			isa = PBXGroup;
			children = (
				6FD633C31D33A9B100D00F45 /* Extensions */,
				6FD633BD1D33A4CC00D00F45 /* Views */,
				6FD633B31D33867400D00F45 /* Controllers */,
			);
			path = Main;
			sourceTree = "<group>";
		};
		6FD633B31D33867400D00F45 /* Controllers */ = {
			isa = PBXGroup;
			children = (
				6FD633B91D33885F00D00F45 /* STCBaseScreen.swift */,
				6FD633B61D33872F00D00F45 /* STCHomeScreen.swift */,
			);
			name = Controllers;
			path = Main/Controllers;
			sourceTree = "<group>";
		};
		6FD633BD1D33A4CC00D00F45 /* Views */ = {
			isa = PBXGroup;
			children = (
				6FD633BE1D33A51600D00F45 /* AddText */,
				6FD633BF1D33A58400D00F45 /* STCBaseView.swift */,
			);
			path = Views;
			sourceTree = "<group>";
		};
		6FD633BE1D33A51600D00F45 /* AddText */ = {
			isa = PBXGroup;
			children = (
				6FD633C11D33A5A900D00F45 /* STCAddTextView.swift */,
			);
			path = AddText;
			sourceTree = "<group>";
		};
		6FD633C31D33A9B100D00F45 /* Extensions */ = {
			isa = PBXGroup;
			children = (
				6FD633C41D33A9E000D00F45 /* Extensions.swift */,
			);
			path = Extensions;
			sourceTree = "<group>";
		};
/* End PBXGroup section */

/* Begin PBXNativeTarget section */
		6FD633971D337A9000D00F45 /* ShootingClothes */ = {
			isa = PBXNativeTarget;
			buildConfigurationList = 6FD633AA1D337A9000D00F45 /* Build configuration list for PBXNativeTarget "ShootingClothes" */;
			buildPhases = (
				6FD633941D337A9000D00F45 /* Sources */,
				6FD633951D337A9000D00F45 /* Frameworks */,
				6FD633961D337A9000D00F45 /* Resources */,
			);
			buildRules = (
			);
			dependencies = (
			);
			name = ShootingClothes;
			productName = ShootingClothes;
			productReference = 6FD633981D337A9000D00F45 /* ShootingClothes.app */;
			productType = "com.apple.product-type.application";
		};
/* End PBXNativeTarget section */

/* Begin PBXProject section */
		6FD633901D337A9000D00F45 /* Project object */ = {
			isa = PBXProject;
			attributes = {
				LastSwiftUpdateCheck = 0730;
				LastUpgradeCheck = 0730;
				ORGANIZATIONNAME = "Quan Tran";
				TargetAttributes = {
					6FD633971D337A9000D00F45 = {
						CreatedOnToolsVersion = 7.3.1;
					};
				};
			};
			buildConfigurationList = 6FD633931D337A9000D00F45 /* Build configuration list for PBXProject "ShootingClothes" */;
			compatibilityVersion = "Xcode 3.2";
			developmentRegion = English;
			hasScannedForEncodings = 0;
			knownRegions = (
				en,
				Base,
			);
			mainGroup = 6FD6338F1D337A9000D00F45;
			productRefGroup = 6FD633991D337A9000D00F45 /* Products */;
			projectDirPath = "";
			projectRoot = "";
			targets = (
				6FD633971D337A9000D00F45 /* ShootingClothes */,
			);
		};
/* End PBXProject section */

/* Begin PBXResourcesBuildPhase section */
		6FD633961D337A9000D00F45 /* Resources */ = {
			isa = PBXResourcesBuildPhase;
			buildActionMask = 2147483647;
			files = (
				6FD633A61D337A9000D00F45 /* LaunchScreen.storyboard in Resources */,
				6FD633BC1D33915E00D00F45 /* Assets.xcassets in Resources */,
				6FD633A11D337A9000D00F45 /* Main.storyboard in Resources */,
			);
			runOnlyForDeploymentPostprocessing = 0;
		};
/* End PBXResourcesBuildPhase section */

/* Begin PBXSourcesBuildPhase section */
		6FD633941D337A9000D00F45 /* Sources */ = {
			isa = PBXSourcesBuildPhase;
			buildActionMask = 2147483647;
			files = (
				6FD633C51D33A9E000D00F45 /* Extensions.swift in Sources */,
				6FD633C21D33A5A900D00F45 /* STCAddTextView.swift in Sources */,
				6FD633C01D33A58400D00F45 /* STCBaseView.swift in Sources */,
				6FD6339C1D337A9000D00F45 /* AppDelegate.swift in Sources */,
				6FD633BA1D33885F00D00F45 /* STCBaseScreen.swift in Sources */,
				6FD633B71D33872F00D00F45 /* STCHomeScreen.swift in Sources */,
			);
			runOnlyForDeploymentPostprocessing = 0;
		};
/* End PBXSourcesBuildPhase section */

/* Begin PBXVariantGroup section */
		6FD6339F1D337A9000D00F45 /* Main.storyboard */ = {
			isa = PBXVariantGroup;
			children = (
				6FD633A01D337A9000D00F45 /* Base */,
			);
			name = Main.storyboard;
			path = ../..;
			sourceTree = "<group>";
		};
		6FD633A41D337A9000D00F45 /* LaunchScreen.storyboard */ = {
			isa = PBXVariantGroup;
			children = (
				6FD633A51D337A9000D00F45 /* Base */,
			);
			name = LaunchScreen.storyboard;
			sourceTree = "<group>";
		};
/* End PBXVariantGroup section */

/* Begin XCBuildConfiguration section */
		6FD633A81D337A9000D00F45 /* Debug */ = {
			isa = XCBuildConfiguration;
			buildSettings = {
				ALWAYS_SEARCH_USER_PATHS = NO;
				CLANG_ANALYZER_NONNULL = YES;
				CLANG_CXX_LANGUAGE_STANDARD = "gnu++0x";
				CLANG_CXX_LIBRARY = "libc++";
				CLANG_ENABLE_MODULES = YES;
				CLANG_ENABLE_OBJC_ARC = YES;
				CLANG_WARN_BOOL_CONVERSION = YES;
				CLANG_WARN_CONSTANT_CONVERSION = YES;
				CLANG_WARN_DIRECT_OBJC_ISA_USAGE = YES_ERROR;
				CLANG_WARN_EMPTY_BODY = YES;
				CLANG_WARN_ENUM_CONVERSION = YES;
				CLANG_WARN_INT_CONVERSION = YES;
				CLANG_WARN_OBJC_ROOT_CLASS = YES_ERROR;
				CLANG_WARN_UNREACHABLE_CODE = YES;
				CLANG_WARN__DUPLICATE_METHOD_MATCH = YES;
				"CODE_SIGN_IDENTITY[sdk=iphoneos*]" = "iPhone Developer";
				COPY_PHASE_STRIP = NO;
				DEBUG_INFORMATION_FORMAT = dwarf;
				ENABLE_STRICT_OBJC_MSGSEND = YES;
				ENABLE_TESTABILITY = YES;
				GCC_C_LANGUAGE_STANDARD = gnu99;
				GCC_DYNAMIC_NO_PIC = NO;
				GCC_NO_COMMON_BLOCKS = YES;
				GCC_OPTIMIZATION_LEVEL = 0;
				GCC_PREPROCESSOR_DEFINITIONS = (
					"DEBUG=1",
					"$(inherited)",
				);
				GCC_WARN_64_TO_32_BIT_CONVERSION = YES;
				GCC_WARN_ABOUT_RETURN_TYPE = YES_ERROR;
				GCC_WARN_UNDECLARED_SELECTOR = YES;
				GCC_WARN_UNINITIALIZED_AUTOS = YES_AGGRESSIVE;
				GCC_WARN_UNUSED_FUNCTION = YES;
				GCC_WARN_UNUSED_VARIABLE = YES;
				IPHONEOS_DEPLOYMENT_TARGET = 7.0;
				MTL_ENABLE_DEBUG_INFO = YES;
				ONLY_ACTIVE_ARCH = YES;
				SDKROOT = iphoneos;
				SWIFT_OPTIMIZATION_LEVEL = "-Onone";
				TARGETED_DEVICE_FAMILY = "1,2";
			};
			name = Debug;
		};
		6FD633A91D337A9000D00F45 /* Release */ = {
			isa = XCBuildConfiguration;
			buildSettings = {
				ALWAYS_SEARCH_USER_PATHS = NO;
				CLANG_ANALYZER_NONNULL = YES;
				CLANG_CXX_LANGUAGE_STANDARD = "gnu++0x";
				CLANG_CXX_LIBRARY = "libc++";
				CLANG_ENABLE_MODULES = YES;
				CLANG_ENABLE_OBJC_ARC = YES;
				CLANG_WARN_BOOL_CONVERSION = YES;
				CLANG_WARN_CONSTANT_CONVERSION = YES;
				CLANG_WARN_DIRECT_OBJC_ISA_USAGE = YES_ERROR;
				CLANG_WARN_EMPTY_BODY = YES;
				CLANG_WARN_ENUM_CONVERSION = YES;
				CLANG_WARN_INT_CONVERSION = YES;
				CLANG_WARN_OBJC_ROOT_CLASS = YES_ERROR;
				CLANG_WARN_UNREACHABLE_CODE = YES;
				CLANG_WARN__DUPLICATE_METHOD_MATCH = YES;
				"CODE_SIGN_IDENTITY[sdk=iphoneos*]" = "iPhone Developer";
				COPY_PHASE_STRIP = NO;
				DEBUG_INFORMATION_FORMAT = "dwarf-with-dsym";
				ENABLE_NS_ASSERTIONS = NO;
				ENABLE_STRICT_OBJC_MSGSEND = YES;
				GCC_C_LANGUAGE_STANDARD = gnu99;
				GCC_NO_COMMON_BLOCKS = YES;
				GCC_WARN_64_TO_32_BIT_CONVERSION = YES;
				GCC_WARN_ABOUT_RETURN_TYPE = YES_ERROR;
				GCC_WARN_UNDECLARED_SELECTOR = YES;
				GCC_WARN_UNINITIALIZED_AUTOS = YES_AGGRESSIVE;
				GCC_WARN_UNUSED_FUNCTION = YES;
				GCC_WARN_UNUSED_VARIABLE = YES;
				IPHONEOS_DEPLOYMENT_TARGET = 7.0;
				MTL_ENABLE_DEBUG_INFO = NO;
				SDKROOT = iphoneos;
				TARGETED_DEVICE_FAMILY = "1,2";
				VALIDATE_PRODUCT = YES;
			};
			name = Release;
		};
		6FD633AB1D337A9000D00F45 /* Debug */ = {
			isa = XCBuildConfiguration;
			buildSettings = {
				ASSETCATALOG_COMPILER_APPICON_NAME = AppIcon;
				INFOPLIST_FILE = ShootingClothes/Info.plist;
				LD_RUNPATH_SEARCH_PATHS = "$(inherited) @executable_path/Frameworks";
				PRODUCT_BUNDLE_IDENTIFIER = com.quantq.ShootingClothes;
				PRODUCT_NAME = "$(TARGET_NAME)";
			};
			name = Debug;
		};
		6FD633AC1D337A9000D00F45 /* Release */ = {
			isa = XCBuildConfiguration;
			buildSettings = {
				ASSETCATALOG_COMPILER_APPICON_NAME = AppIcon;
				INFOPLIST_FILE = ShootingClothes/Info.plist;
				LD_RUNPATH_SEARCH_PATHS = "$(inherited) @executable_path/Frameworks";
				PRODUCT_BUNDLE_IDENTIFIER = com.quantq.ShootingClothes;
				PRODUCT_NAME = "$(TARGET_NAME)";
			};
			name = Release;
		};
/* End XCBuildConfiguration section */

/* Begin XCConfigurationList section */
		6FD633931D337A9000D00F45 /* Build configuration list for PBXProject "ShootingClothes" */ = {
			isa = XCConfigurationList;
			buildConfigurations = (
				6FD633A81D337A9000D00F45 /* Debug */,
				6FD633A91D337A9000D00F45 /* Release */,
			);
			defaultConfigurationIsVisible = 0;
			defaultConfigurationName = Release;
		};
		6FD633AA1D337A9000D00F45 /* Build configuration list for PBXNativeTarget "ShootingClothes" */ = {
			isa = XCConfigurationList;
			buildConfigurations = (
				6FD633AB1D337A9000D00F45 /* Debug */,
				6FD633AC1D337A9000D00F45 /* Release */,
			);
			defaultConfigurationIsVisible = 0;
		};
/* End XCConfigurationList section */
	};
	rootObject = 6FD633901D337A9000D00F45 /* Project object */;
}
